
Microsoft Visual Studio Solution File, Format Version 12.00
# Visual Studio Version 17
VisualStudioVersion = 17.10.35013.160
MinimumVisualStudioVersion = 10.0.40219.1
Project("{FAE04EC0-301F-11D3-BF4B-00C04F79EFBC}") = "enum", "enum\enum.csproj", "{2223221E-BD04-49F2-AACE-8E28B595BEDB}"
EndProject
Global
	GlobalSection(SolutionConfigurationPlatforms) = preSolution
		Debug|Any CPU = Debug|Any CPU
		Release|Any CPU = Release|Any CPU
	EndGlobalSection
	GlobalSection(ProjectConfigurationPlatforms) = postSolution
		{2223221E-BD04-49F2-AACE-8E28B595BEDB}.Debug|Any CPU.ActiveCfg = Debug|Any CPU
		{2223221E-BD04-49F2-AACE-8E28B595BEDB}.Debug|Any CPU.Build.0 = Debug|Any CPU
		{2223221E-BD04-49F2-AACE-8E28B595BEDB}.Release|Any CPU.ActiveCfg = Release|Any CPU
		{2223221E-BD04-49F2-AACE-8E28B595BEDB}.Release|Any CPU.Build.0 = Release|Any CPU
	EndGlobalSection
	GlobalSection(SolutionProperties) = preSolution
		HideSolutionNode = FALSE
	EndGlobalSection
	GlobalSection(ExtensibilityGlobals) = postSolution
		SolutionGuid = {B8C4C0C3-CF78-4D2D-8F77-A48EBCCAEDB9}
	EndGlobalSection
EndGlobal
